
Microsoft Visual Studio Solution File, Format Version 12.00
# Visual Studio 2013
VisualStudioVersion = 12.0.31101.0
MinimumVisualStudioVersion = 10.0.40219.1
Project("{FAE04EC0-301F-11D3-BF4B-00C04F79EFBC}") = "IocFlash", "IocFlash\IocFlash.csproj", "{790C0E1C-1B14-4F30-BEAA-19C15AEA9F21}"
EndProject
Project("{FAE04EC0-301F-11D3-BF4B-00C04F79EFBC}") = "IocFlash.Tests", "IocFlash.Tests\IocFlash.Tests.csproj", "{0BEEF120-78B2-4EF7-A32E-87471D129D02}"
EndProject
Global
	GlobalSection(SolutionConfigurationPlatforms) = preSolution
		Debug|Any CPU = Debug|Any CPU
		Release|Any CPU = Release|Any CPU
	EndGlobalSection
	GlobalSection(ProjectConfigurationPlatforms) = postSolution
		{790C0E1C-1B14-4F30-BEAA-19C15AEA9F21}.Debug|Any CPU.ActiveCfg = Debug|Any CPU
		{790C0E1C-1B14-4F30-BEAA-19C15AEA9F21}.Debug|Any CPU.Build.0 = Debug|Any CPU
		{790C0E1C-1B14-4F30-BEAA-19C15AEA9F21}.Release|Any CPU.ActiveCfg = Release|Any CPU
		{790C0E1C-1B14-4F30-BEAA-19C15AEA9F21}.Release|Any CPU.Build.0 = Release|Any CPU
		{0BEEF120-78B2-4EF7-A32E-87471D129D02}.Debug|Any CPU.ActiveCfg = Debug|Any CPU
		{0BEEF120-78B2-4EF7-A32E-87471D129D02}.Debug|Any CPU.Build.0 = Debug|Any CPU
		{0BEEF120-78B2-4EF7-A32E-87471D129D02}.Release|Any CPU.ActiveCfg = Release|Any CPU
		{0BEEF120-78B2-4EF7-A32E-87471D129D02}.Release|Any CPU.Build.0 = Release|Any CPU
	EndGlobalSection
	GlobalSection(SolutionProperties) = preSolution
		HideSolutionNode = FALSE
	EndGlobalSection
EndGlobal
